
Microsoft Visual Studio Solution File, Format Version 12.00
# Visual Studio 14
VisualStudioVersion = 14.0.25420.1
MinimumVisualStudioVersion = 10.0.40219.1
Project("{FAE04EC0-301F-11D3-BF4B-00C04F79EFBC}") = "AttendeeListener", "AttendeeListener\AttendeeListener.csproj", "{15565AC8-4FF8-40C6-84D5-91C083B52FAF}"
EndProject
Project("{FAE04EC0-301F-11D3-BF4B-00C04F79EFBC}") = "AttendeeConnector", "AttendeeConnector\AttendeeConnector.csproj", "{B348FDE3-4398-425D-8768-16BBA964D031}"
EndProject
Project("{FAE04EC0-301F-11D3-BF4B-00C04F79EFBC}") = "SpeakerPortal", "SpeakerPortal\SpeakerPortal.csproj", "{D84D30B9-EC9B-4402-9849-2B7BF6CA0443}"
EndProject
Project("{FAE04EC0-301F-11D3-BF4B-00C04F79EFBC}") = "AttendeeRegister", "AttendeeRegister\AttendeeRegister.csproj", "{64AF786E-9C33-4C2B-AE85-0885EC931CD2}"
EndProject
Project("{FAE04EC0-301F-11D3-BF4B-00C04F79EFBC}") = "AttendeeAnalyzerUWPShared", "AttendeeAnalyzerShared\AttendeeAnalyzerUWPShared.csproj", "{F51E037A-3D39-4460-819D-D96C4EE81A64}"
EndProject
Project("{FAE04EC0-301F-11D3-BF4B-00C04F79EFBC}") = "AttendeeAnalyzerPCL", "AttendeeAnalyzerPCL\AttendeeAnalyzerPCL.csproj", "{F9941C40-5BAD-42AA-80B3-5A83F8286029}"
EndProject
Global
	GlobalSection(SolutionConfigurationPlatforms) = preSolution
		Debug|Any CPU = Debug|Any CPU
		Debug|ARM = Debug|ARM
		Debug|x64 = Debug|x64
		Debug|x86 = Debug|x86
		Release|Any CPU = Release|Any CPU
		Release|ARM = Release|ARM
		Release|x64 = Release|x64
		Release|x86 = Release|x86
	EndGlobalSection
	GlobalSection(ProjectConfigurationPlatforms) = postSolution
		{15565AC8-4FF8-40C6-84D5-91C083B52FAF}.Debug|Any CPU.ActiveCfg = Debug|x86
		{15565AC8-4FF8-40C6-84D5-91C083B52FAF}.Debug|Any CPU.Build.0 = Debug|x86
		{15565AC8-4FF8-40C6-84D5-91C083B52FAF}.Debug|Any CPU.Deploy.0 = Debug|x86
		{15565AC8-4FF8-40C6-84D5-91C083B52FAF}.Debug|ARM.ActiveCfg = Debug|ARM
		{15565AC8-4FF8-40C6-84D5-91C083B52FAF}.Debug|ARM.Build.0 = Debug|ARM
		{15565AC8-4FF8-40C6-84D5-91C083B52FAF}.Debug|ARM.Deploy.0 = Debug|ARM
		{15565AC8-4FF8-40C6-84D5-91C083B52FAF}.Debug|x64.ActiveCfg = Debug|x64
		{15565AC8-4FF8-40C6-84D5-91C083B52FAF}.Debug|x64.Build.0 = Debug|x64
		{15565AC8-4FF8-40C6-84D5-91C083B52FAF}.Debug|x64.Deploy.0 = Debug|x64
		{15565AC8-4FF8-40C6-84D5-91C083B52FAF}.Debug|x86.ActiveCfg = Debug|x86
		{15565AC8-4FF8-40C6-84D5-91C083B52FAF}.Debug|x86.Build.0 = Debug|x86
		{15565AC8-4FF8-40C6-84D5-91C083B52FAF}.Debug|x86.Deploy.0 = Debug|x86
		{15565AC8-4FF8-40C6-84D5-91C083B52FAF}.Release|Any CPU.ActiveCfg = Release|x86
		{15565AC8-4FF8-40C6-84D5-91C083B52FAF}.Release|ARM.ActiveCfg = Release|ARM
		{15565AC8-4FF8-40C6-84D5-91C083B52FAF}.Release|ARM.Build.0 = Release|ARM
		{15565AC8-4FF8-40C6-84D5-91C083B52FAF}.Release|ARM.Deploy.0 = Release|ARM
		{15565AC8-4FF8-40C6-84D5-91C083B52FAF}.Release|x64.ActiveCfg = Release|x64
		{15565AC8-4FF8-40C6-84D5-91C083B52FAF}.Release|x64.Build.0 = Release|x64
		{15565AC8-4FF8-40C6-84D5-91C083B52FAF}.Release|x64.Deploy.0 = Release|x64
		{15565AC8-4FF8-40C6-84D5-91C083B52FAF}.Release|x86.ActiveCfg = Release|x86
		{15565AC8-4FF8-40C6-84D5-91C083B52FAF}.Release|x86.Build.0 = Release|x86
		{15565AC8-4FF8-40C6-84D5-91C083B52FAF}.Release|x86.Deploy.0 = Release|x86
		{B348FDE3-4398-425D-8768-16BBA964D031}.Debug|Any CPU.ActiveCfg = Debug|Any CPU
		{B348FDE3-4398-425D-8768-16BBA964D031}.Debug|Any CPU.Build.0 = Debug|Any CPU
		{B348FDE3-4398-425D-8768-16BBA964D031}.Debug|ARM.ActiveCfg = Debug|Any CPU
		{B348FDE3-4398-425D-8768-16BBA964D031}.Debug|ARM.Build.0 = Debug|Any CPU
		{B348FDE3-4398-425D-8768-16BBA964D031}.Debug|x64.ActiveCfg = Debug|Any CPU
		{B348FDE3-4398-425D-8768-16BBA964D031}.Debug|x64.Build.0 = Debug|Any CPU
		{B348FDE3-4398-425D-8768-16BBA964D031}.Debug|x86.ActiveCfg = Debug|Any CPU
		{B348FDE3-4398-425D-8768-16BBA964D031}.Debug|x86.Build.0 = Debug|Any CPU
		{B348FDE3-4398-425D-8768-16BBA964D031}.Release|Any CPU.ActiveCfg = Release|Any CPU
		{B348FDE3-4398-425D-8768-16BBA964D031}.Release|Any CPU.Build.0 = Release|Any CPU
		{B348FDE3-4398-425D-8768-16BBA964D031}.Release|ARM.ActiveCfg = Release|Any CPU
		{B348FDE3-4398-425D-8768-16BBA964D031}.Release|ARM.Build.0 = Release|Any CPU
		{B348FDE3-4398-425D-8768-16BBA964D031}.Release|x64.ActiveCfg = Release|Any CPU
		{B348FDE3-4398-425D-8768-16BBA964D031}.Release|x64.Build.0 = Release|Any CPU
		{B348FDE3-4398-425D-8768-16BBA964D031}.Release|x86.ActiveCfg = Release|Any CPU
		{B348FDE3-4398-425D-8768-16BBA964D031}.Release|x86.Build.0 = Release|Any CPU
		{D84D30B9-EC9B-4402-9849-2B7BF6CA0443}.Debug|Any CPU.ActiveCfg = Debug|x86
		{D84D30B9-EC9B-4402-9849-2B7BF6CA0443}.Debug|Any CPU.Build.0 = Debug|x86
		{D84D30B9-EC9B-4402-9849-2B7BF6CA0443}.Debug|Any CPU.Deploy.0 = Debug|x86
		{D84D30B9-EC9B-4402-9849-2B7BF6CA0443}.Debug|ARM.ActiveCfg = Debug|ARM
		{D84D30B9-EC9B-4402-9849-2B7BF6CA0443}.Debug|ARM.Build.0 = Debug|ARM
		{D84D30B9-EC9B-4402-9849-2B7BF6CA0443}.Debug|ARM.Deploy.0 = Debug|ARM
		{D84D30B9-EC9B-4402-9849-2B7BF6CA0443}.Debug|x64.ActiveCfg = Debug|x64
		{D84D30B9-EC9B-4402-9849-2B7BF6CA0443}.Debug|x64.Build.0 = Debug|x64
		{D84D30B9-EC9B-4402-9849-2B7BF6CA0443}.Debug|x64.Deploy.0 = Debug|x64
		{D84D30B9-EC9B-4402-9849-2B7BF6CA0443}.Debug|x86.ActiveCfg = Debug|x86
		{D84D30B9-EC9B-4402-9849-2B7BF6CA0443}.Debug|x86.Build.0 = Debug|x86
		{D84D30B9-EC9B-4402-9849-2B7BF6CA0443}.Debug|x86.Deploy.0 = Debug|x86
		{D84D30B9-EC9B-4402-9849-2B7BF6CA0443}.Release|Any CPU.ActiveCfg = Release|x86
		{D84D30B9-EC9B-4402-9849-2B7BF6CA0443}.Release|ARM.ActiveCfg = Release|ARM
		{D84D30B9-EC9B-4402-9849-2B7BF6CA0443}.Release|ARM.Build.0 = Release|ARM
		{D84D30B9-EC9B-4402-9849-2B7BF6CA0443}.Release|ARM.Deploy.0 = Release|ARM
		{D84D30B9-EC9B-4402-9849-2B7BF6CA0443}.Release|x64.ActiveCfg = Release|x64
		{D84D30B9-EC9B-4402-9849-2B7BF6CA0443}.Release|x64.Build.0 = Release|x64
		{D84D30B9-EC9B-4402-9849-2B7BF6CA0443}.Release|x64.Deploy.0 = Release|x64
		{D84D30B9-EC9B-4402-9849-2B7BF6CA0443}.Release|x86.ActiveCfg = Release|x86
		{D84D30B9-EC9B-4402-9849-2B7BF6CA0443}.Release|x86.Build.0 = Release|x86
		{D84D30B9-EC9B-4402-9849-2B7BF6CA0443}.Release|x86.Deploy.0 = Release|x86
		{64AF786E-9C33-4C2B-AE85-0885EC931CD2}.Debug|Any CPU.ActiveCfg = Debug|x86
		{64AF786E-9C33-4C2B-AE85-0885EC931CD2}.Debug|Any CPU.Build.0 = Debug|x86
		{64AF786E-9C33-4C2B-AE85-0885EC931CD2}.Debug|Any CPU.Deploy.0 = Debug|x86
		{64AF786E-9C33-4C2B-AE85-0885EC931CD2}.Debug|ARM.ActiveCfg = Debug|ARM
		{64AF786E-9C33-4C2B-AE85-0885EC931CD2}.Debug|ARM.Build.0 = Debug|ARM
		{64AF786E-9C33-4C2B-AE85-0885EC931CD2}.Debug|ARM.Deploy.0 = Debug|ARM
		{64AF786E-9C33-4C2B-AE85-0885EC931CD2}.Debug|x64.ActiveCfg = Debug|x64
		{64AF786E-9C33-4C2B-AE85-0885EC931CD2}.Debug|x64.Build.0 = Debug|x64
		{64AF786E-9C33-4C2B-AE85-0885EC931CD2}.Debug|x64.Deploy.0 = Debug|x64
		{64AF786E-9C33-4C2B-AE85-0885EC931CD2}.Debug|x86.ActiveCfg = Debug|x86
		{64AF786E-9C33-4C2B-AE85-0885EC931CD2}.Debug|x86.Build.0 = Debug|x86
		{64AF786E-9C33-4C2B-AE85-0885EC931CD2}.Debug|x86.Deploy.0 = Debug|x86
		{64AF786E-9C33-4C2B-AE85-0885EC931CD2}.Release|Any CPU.ActiveCfg = Release|x86
		{64AF786E-9C33-4C2B-AE85-0885EC931CD2}.Release|ARM.ActiveCfg = Release|ARM
		{64AF786E-9C33-4C2B-AE85-0885EC931CD2}.Release|ARM.Build.0 = Release|ARM
		{64AF786E-9C33-4C2B-AE85-0885EC931CD2}.Release|ARM.Deploy.0 = Release|ARM
		{64AF786E-9C33-4C2B-AE85-0885EC931CD2}.Release|x64.ActiveCfg = Release|x64
		{64AF786E-9C33-4C2B-AE85-0885EC931CD2}.Release|x64.Build.0 = Release|x64
		{64AF786E-9C33-4C2B-AE85-0885EC931CD2}.Release|x64.Deploy.0 = Release|x64
		{64AF786E-9C33-4C2B-AE85-0885EC931CD2}.Release|x86.ActiveCfg = Release|x86
		{64AF786E-9C33-4C2B-AE85-0885EC931CD2}.Release|x86.Build.0 = Release|x86
		{64AF786E-9C33-4C2B-AE85-0885EC931CD2}.Release|x86.Deploy.0 = Release|x86
		{F51E037A-3D39-4460-819D-D96C4EE81A64}.Debug|Any CPU.ActiveCfg = Debug|Any CPU
		{F51E037A-3D39-4460-819D-D96C4EE81A64}.Debug|Any CPU.Build.0 = Debug|Any CPU
		{F51E037A-3D39-4460-819D-D96C4EE81A64}.Debug|ARM.ActiveCfg = Debug|ARM
		{F51E037A-3D39-4460-819D-D96C4EE81A64}.Debug|ARM.Build.0 = Debug|ARM
		{F51E037A-3D39-4460-819D-D96C4EE81A64}.Debug|x64.ActiveCfg = Debug|x64
		{F51E037A-3D39-4460-819D-D96C4EE81A64}.Debug|x64.Build.0 = Debug|x64
		{F51E037A-3D39-4460-819D-D96C4EE81A64}.Debug|x86.ActiveCfg = Debug|x86
		{F51E037A-3D39-4460-819D-D96C4EE81A64}.Debug|x86.Build.0 = Debug|x86
		{F51E037A-3D39-4460-819D-D96C4EE81A64}.Release|Any CPU.ActiveCfg = Release|Any CPU
		{F51E037A-3D39-4460-819D-D96C4EE81A64}.Release|Any CPU.Build.0 = Release|Any CPU
		{F51E037A-3D39-4460-819D-D96C4EE81A64}.Release|ARM.ActiveCfg = Release|ARM
		{F51E037A-3D39-4460-819D-D96C4EE81A64}.Release|ARM.Build.0 = Release|ARM
		{F51E037A-3D39-4460-819D-D96C4EE81A64}.Release|x64.ActiveCfg = Release|x64
		{F51E037A-3D39-4460-819D-D96C4EE81A64}.Release|x64.Build.0 = Release|x64
		{F51E037A-3D39-4460-819D-D96C4EE81A64}.Release|x86.ActiveCfg = Release|x86
		{F51E037A-3D39-4460-819D-D96C4EE81A64}.Release|x86.Build.0 = Release|x86
		{F9941C40-5BAD-42AA-80B3-5A83F8286029}.Debug|Any CPU.ActiveCfg = Debug|Any CPU
		{F9941C40-5BAD-42AA-80B3-5A83F8286029}.Debug|Any CPU.Build.0 = Debug|Any CPU
		{F9941C40-5BAD-42AA-80B3-5A83F8286029}.Debug|ARM.ActiveCfg = Debug|Any CPU
		{F9941C40-5BAD-42AA-80B3-5A83F8286029}.Debug|ARM.Build.0 = Debug|Any CPU
		{F9941C40-5BAD-42AA-80B3-5A83F8286029}.Debug|x64.ActiveCfg = Debug|Any CPU
		{F9941C40-5BAD-42AA-80B3-5A83F8286029}.Debug|x64.Build.0 = Debug|Any CPU
		{F9941C40-5BAD-42AA-80B3-5A83F8286029}.Debug|x86.ActiveCfg = Debug|Any CPU
		{F9941C40-5BAD-42AA-80B3-5A83F8286029}.Debug|x86.Build.0 = Debug|Any CPU
		{F9941C40-5BAD-42AA-80B3-5A83F8286029}.Release|Any CPU.ActiveCfg = Release|Any CPU
		{F9941C40-5BAD-42AA-80B3-5A83F8286029}.Release|Any CPU.Build.0 = Release|Any CPU
		{F9941C40-5BAD-42AA-80B3-5A83F8286029}.Release|ARM.ActiveCfg = Release|Any CPU
		{F9941C40-5BAD-42AA-80B3-5A83F8286029}.Release|ARM.Build.0 = Release|Any CPU
		{F9941C40-5BAD-42AA-80B3-5A83F8286029}.Release|x64.ActiveCfg = Release|Any CPU
		{F9941C40-5BAD-42AA-80B3-5A83F8286029}.Release|x64.Build.0 = Release|Any CPU
		{F9941C40-5BAD-42AA-80B3-5A83F8286029}.Release|x86.ActiveCfg = Release|Any CPU
		{F9941C40-5BAD-42AA-80B3-5A83F8286029}.Release|x86.Build.0 = Release|Any CPU
	EndGlobalSection
	GlobalSection(SolutionProperties) = preSolution
		HideSolutionNode = FALSE
	EndGlobalSection
EndGlobal
